
Microsoft Visual Studio Solution File, Format Version 12.00
# Visual Studio Version 16
VisualStudioVersion = 16.0.29001.49
MinimumVisualStudioVersion = 10.0.40219.1
Project("{FAE04EC0-301F-11D3-BF4B-00C04F79EFBC}") = "KomplexeDatentypen", "KomplexeDatentypen\KomplexeDatentypen.csproj", "{F95E4B2F-A678-4E80-9CE2-28EE6325B6E7}"
EndProject
Global
	GlobalSection(SolutionConfigurationPlatforms) = preSolution
		Debug|Any CPU = Debug|Any CPU
		Release|Any CPU = Release|Any CPU
	EndGlobalSection
	GlobalSection(ProjectConfigurationPlatforms) = postSolution
		{F95E4B2F-A678-4E80-9CE2-28EE6325B6E7}.Debug|Any CPU.ActiveCfg = Debug|Any CPU
		{F95E4B2F-A678-4E80-9CE2-28EE6325B6E7}.Debug|Any CPU.Build.0 = Debug|Any CPU
		{F95E4B2F-A678-4E80-9CE2-28EE6325B6E7}.Release|Any CPU.ActiveCfg = Release|Any CPU
		{F95E4B2F-A678-4E80-9CE2-28EE6325B6E7}.Release|Any CPU.Build.0 = Release|Any CPU
	EndGlobalSection
	GlobalSection(SolutionProperties) = preSolution
		HideSolutionNode = FALSE
	EndGlobalSection
	GlobalSection(ExtensibilityGlobals) = postSolution
		SolutionGuid = {F2791277-72F0-440A-898D-38E43489FC8B}
	EndGlobalSection
EndGlobal
