
Microsoft Visual Studio Solution File, Format Version 12.00
# Visual Studio Version 16
VisualStudioVersion = 16.0.29001.49
MinimumVisualStudioVersion = 10.0.40219.1
Project("{FAE04EC0-301F-11D3-BF4B-00C04F79EFBC}") = "Polymorphie", "Polymorphie\Polymorphie.csproj", "{A7B6E86D-152C-4805-8930-CA5C6C150EDF}"
EndProject
Global
	GlobalSection(SolutionConfigurationPlatforms) = preSolution
		Debug|Any CPU = Debug|Any CPU
		Release|Any CPU = Release|Any CPU
	EndGlobalSection
	GlobalSection(ProjectConfigurationPlatforms) = postSolution
		{A7B6E86D-152C-4805-8930-CA5C6C150EDF}.Debug|Any CPU.ActiveCfg = Debug|Any CPU
		{A7B6E86D-152C-4805-8930-CA5C6C150EDF}.Debug|Any CPU.Build.0 = Debug|Any CPU
		{A7B6E86D-152C-4805-8930-CA5C6C150EDF}.Release|Any CPU.ActiveCfg = Release|Any CPU
		{A7B6E86D-152C-4805-8930-CA5C6C150EDF}.Release|Any CPU.Build.0 = Release|Any CPU
	EndGlobalSection
	GlobalSection(SolutionProperties) = preSolution
		HideSolutionNode = FALSE
	EndGlobalSection
	GlobalSection(ExtensibilityGlobals) = postSolution
		SolutionGuid = {C0C89AE9-CFB3-4C8F-A468-7040FBC035B9}
	EndGlobalSection
EndGlobal
