
Microsoft Visual Studio Solution File, Format Version 12.00
# Visual Studio Version 16
VisualStudioVersion = 16.0.29001.49
MinimumVisualStudioVersion = 10.0.40219.1
Project("{FAE04EC0-301F-11D3-BF4B-00C04F79EFBC}") = "OOP", "OOP\OOP.csproj", "{4252C51A-F571-47A6-8684-A9CDE379373C}"
EndProject
Global
	GlobalSection(SolutionConfigurationPlatforms) = preSolution
		Debug|Any CPU = Debug|Any CPU
		Release|Any CPU = Release|Any CPU
	EndGlobalSection
	GlobalSection(ProjectConfigurationPlatforms) = postSolution
		{4252C51A-F571-47A6-8684-A9CDE379373C}.Debug|Any CPU.ActiveCfg = Debug|Any CPU
		{4252C51A-F571-47A6-8684-A9CDE379373C}.Debug|Any CPU.Build.0 = Debug|Any CPU
		{4252C51A-F571-47A6-8684-A9CDE379373C}.Release|Any CPU.ActiveCfg = Release|Any CPU
		{4252C51A-F571-47A6-8684-A9CDE379373C}.Release|Any CPU.Build.0 = Release|Any CPU
	EndGlobalSection
	GlobalSection(SolutionProperties) = preSolution
		HideSolutionNode = FALSE
	EndGlobalSection
	GlobalSection(ExtensibilityGlobals) = postSolution
		SolutionGuid = {A751619D-4B03-4435-83B5-2CC7B34834C1}
	EndGlobalSection
EndGlobal
